
Microsoft Visual Studio Solution File, Format Version 12.00
# Visual Studio 15
VisualStudioVersion = 15.0.27703.2042
MinimumVisualStudioVersion = 10.0.40219.1
Project("{8BC9CEB8-8B4A-11D0-8D11-00A0C91BC942}") = "wingetopt", "..\ktools\wingetopt\wingetopt.vcxproj", "{B5960B46-527B-4833-918B-EC5735C03635}"
EndProject
Project("{8BC9CEB8-8B4A-11D0-8D11-00A0C91BC942}") = "disaggregation", "disaggregationsample\disaggregationsample.vcxproj", "{B7B0D6CF-C53A-4714-92A4-B1691BDACA2E}"
EndProject
Project("{8BC9CEB8-8B4A-11D0-8D11-00A0C91BC942}") = "areaperildisaggtobin", "areaperildisaggtobin\areaperildisaggtobin.vcxproj", "{3E2B8A2B-7195-4215-A7AE-BF03C1F71CEF}"
EndProject
Project("{8BC9CEB8-8B4A-11D0-8D11-00A0C91BC942}") = "vulnerabilitydisaggtobin", "vulnerabilitydisaggtobin\vulnerabilitydisaggtobin.vcxproj", "{46C17271-2173-43DB-9C05-BAE92CC2ACE3}"
EndProject
Project("{8BC9CEB8-8B4A-11D0-8D11-00A0C91BC942}") = "vulnerabilitydisaggtocsv", "vulnerabilitydisaggtocsv\vulnerabilitydisaggtocsv.vcxproj", "{561CDCAE-C0E9-45FD-91DC-50702BC12C1D}"
EndProject
Project("{8BC9CEB8-8B4A-11D0-8D11-00A0C91BC942}") = "areaperildisaggtocsv", "areaperildisaggtocsv\areaperildisaggtocsv.vcxproj", "{4071805F-A246-4FAF-83E3-E6C329156C68}"
EndProject
Project("{8BC9CEB8-8B4A-11D0-8D11-00A0C91BC942}") = "getmodel", "..\ktools\getmodel\getmodel.vcxproj", "{30BACC09-FDA3-48E6-9629-1FE39C10A708}"
EndProject
Project("{8BC9CEB8-8B4A-11D0-8D11-00A0C91BC942}") = "aggregateitemtobin", "aggregateitemtobin\aggregateitemtobin.vcxproj", "{618695FC-1F58-4D22-B373-52C4DD1151CE}"
EndProject
Project("{8BC9CEB8-8B4A-11D0-8D11-00A0C91BC942}") = "disaggregation(old)", "..\..\..\..\..\..\Users\zoeta\Downloads\ktools-1972da8120b1ac72ca0d0575292032cc268cdec4\vs\disaggregation\disaggregationsample\disaggregationold.vcxproj", "{6C122172-F171-44A7-B0F1-31E87B728A80}"
EndProject
Project("{8BC9CEB8-8B4A-11D0-8D11-00A0C91BC942}") = "aggregateitemtocsv", "aggregateitemtocsv\aggregateitemtocsv.vcxproj", "{14E02D27-640C-4F84-9888-E12C0DC8D159}"
EndProject
Global
	GlobalSection(SolutionConfigurationPlatforms) = preSolution
		Debug|x64 = Debug|x64
		Debug|x86 = Debug|x86
		Release|x64 = Release|x64
		Release|x86 = Release|x86
	EndGlobalSection
	GlobalSection(ProjectConfigurationPlatforms) = postSolution
		{B5960B46-527B-4833-918B-EC5735C03635}.Debug|x64.ActiveCfg = Debug|x64
		{B5960B46-527B-4833-918B-EC5735C03635}.Debug|x64.Build.0 = Debug|x64
		{B5960B46-527B-4833-918B-EC5735C03635}.Debug|x86.ActiveCfg = Debug|Win32
		{B5960B46-527B-4833-918B-EC5735C03635}.Debug|x86.Build.0 = Debug|Win32
		{B5960B46-527B-4833-918B-EC5735C03635}.Release|x64.ActiveCfg = Release|x64
		{B5960B46-527B-4833-918B-EC5735C03635}.Release|x64.Build.0 = Release|x64
		{B5960B46-527B-4833-918B-EC5735C03635}.Release|x86.ActiveCfg = Release|Win32
		{B5960B46-527B-4833-918B-EC5735C03635}.Release|x86.Build.0 = Release|Win32
		{B7B0D6CF-C53A-4714-92A4-B1691BDACA2E}.Debug|x64.ActiveCfg = Debug|x64
		{B7B0D6CF-C53A-4714-92A4-B1691BDACA2E}.Debug|x64.Build.0 = Debug|x64
		{B7B0D6CF-C53A-4714-92A4-B1691BDACA2E}.Debug|x86.ActiveCfg = Debug|Win32
		{B7B0D6CF-C53A-4714-92A4-B1691BDACA2E}.Debug|x86.Build.0 = Debug|Win32
		{B7B0D6CF-C53A-4714-92A4-B1691BDACA2E}.Release|x64.ActiveCfg = Release|x64
		{B7B0D6CF-C53A-4714-92A4-B1691BDACA2E}.Release|x64.Build.0 = Release|x64
		{B7B0D6CF-C53A-4714-92A4-B1691BDACA2E}.Release|x86.ActiveCfg = Release|Win32
		{3E2B8A2B-7195-4215-A7AE-BF03C1F71CEF}.Debug|x64.ActiveCfg = Debug|x64
		{3E2B8A2B-7195-4215-A7AE-BF03C1F71CEF}.Debug|x64.Build.0 = Debug|x64
		{3E2B8A2B-7195-4215-A7AE-BF03C1F71CEF}.Debug|x86.ActiveCfg = Debug|Win32
		{3E2B8A2B-7195-4215-A7AE-BF03C1F71CEF}.Debug|x86.Build.0 = Debug|Win32
		{3E2B8A2B-7195-4215-A7AE-BF03C1F71CEF}.Release|x64.ActiveCfg = Release|x64
		{3E2B8A2B-7195-4215-A7AE-BF03C1F71CEF}.Release|x64.Build.0 = Release|x64
		{3E2B8A2B-7195-4215-A7AE-BF03C1F71CEF}.Release|x86.ActiveCfg = Release|Win32
		{3E2B8A2B-7195-4215-A7AE-BF03C1F71CEF}.Release|x86.Build.0 = Release|Win32
		{46C17271-2173-43DB-9C05-BAE92CC2ACE3}.Debug|x64.ActiveCfg = Debug|x64
		{46C17271-2173-43DB-9C05-BAE92CC2ACE3}.Debug|x64.Build.0 = Debug|x64
		{46C17271-2173-43DB-9C05-BAE92CC2ACE3}.Debug|x86.ActiveCfg = Debug|Win32
		{46C17271-2173-43DB-9C05-BAE92CC2ACE3}.Debug|x86.Build.0 = Debug|Win32
		{46C17271-2173-43DB-9C05-BAE92CC2ACE3}.Release|x64.ActiveCfg = Release|x64
		{46C17271-2173-43DB-9C05-BAE92CC2ACE3}.Release|x64.Build.0 = Release|x64
		{46C17271-2173-43DB-9C05-BAE92CC2ACE3}.Release|x86.ActiveCfg = Release|Win32
		{46C17271-2173-43DB-9C05-BAE92CC2ACE3}.Release|x86.Build.0 = Release|Win32
		{561CDCAE-C0E9-45FD-91DC-50702BC12C1D}.Debug|x64.ActiveCfg = Debug|x64
		{561CDCAE-C0E9-45FD-91DC-50702BC12C1D}.Debug|x64.Build.0 = Debug|x64
		{561CDCAE-C0E9-45FD-91DC-50702BC12C1D}.Debug|x86.ActiveCfg = Debug|Win32
		{561CDCAE-C0E9-45FD-91DC-50702BC12C1D}.Debug|x86.Build.0 = Debug|Win32
		{561CDCAE-C0E9-45FD-91DC-50702BC12C1D}.Release|x64.ActiveCfg = Release|x64
		{561CDCAE-C0E9-45FD-91DC-50702BC12C1D}.Release|x64.Build.0 = Release|x64
		{561CDCAE-C0E9-45FD-91DC-50702BC12C1D}.Release|x86.ActiveCfg = Release|Win32
		{561CDCAE-C0E9-45FD-91DC-50702BC12C1D}.Release|x86.Build.0 = Release|Win32
		{4071805F-A246-4FAF-83E3-E6C329156C68}.Debug|x64.ActiveCfg = Debug|x64
		{4071805F-A246-4FAF-83E3-E6C329156C68}.Debug|x64.Build.0 = Debug|x64
		{4071805F-A246-4FAF-83E3-E6C329156C68}.Debug|x86.ActiveCfg = Debug|Win32
		{4071805F-A246-4FAF-83E3-E6C329156C68}.Debug|x86.Build.0 = Debug|Win32
		{4071805F-A246-4FAF-83E3-E6C329156C68}.Release|x64.ActiveCfg = Release|x64
		{4071805F-A246-4FAF-83E3-E6C329156C68}.Release|x64.Build.0 = Release|x64
		{4071805F-A246-4FAF-83E3-E6C329156C68}.Release|x86.ActiveCfg = Release|Win32
		{4071805F-A246-4FAF-83E3-E6C329156C68}.Release|x86.Build.0 = Release|Win32
		{30BACC09-FDA3-48E6-9629-1FE39C10A708}.Debug|x64.ActiveCfg = Debug|x64
		{30BACC09-FDA3-48E6-9629-1FE39C10A708}.Debug|x64.Build.0 = Debug|x64
		{30BACC09-FDA3-48E6-9629-1FE39C10A708}.Debug|x86.ActiveCfg = Debug|Win32
		{30BACC09-FDA3-48E6-9629-1FE39C10A708}.Debug|x86.Build.0 = Debug|Win32
		{30BACC09-FDA3-48E6-9629-1FE39C10A708}.Release|x64.ActiveCfg = Release|x64
		{30BACC09-FDA3-48E6-9629-1FE39C10A708}.Release|x64.Build.0 = Release|x64
		{30BACC09-FDA3-48E6-9629-1FE39C10A708}.Release|x86.ActiveCfg = Debug|x64
		{30BACC09-FDA3-48E6-9629-1FE39C10A708}.Release|x86.Build.0 = Debug|x64
		{618695FC-1F58-4D22-B373-52C4DD1151CE}.Debug|x64.ActiveCfg = Debug|x64
		{618695FC-1F58-4D22-B373-52C4DD1151CE}.Debug|x64.Build.0 = Debug|x64
		{618695FC-1F58-4D22-B373-52C4DD1151CE}.Debug|x86.ActiveCfg = Debug|Win32
		{618695FC-1F58-4D22-B373-52C4DD1151CE}.Debug|x86.Build.0 = Debug|Win32
		{618695FC-1F58-4D22-B373-52C4DD1151CE}.Release|x64.ActiveCfg = Release|x64
		{618695FC-1F58-4D22-B373-52C4DD1151CE}.Release|x64.Build.0 = Release|x64
		{618695FC-1F58-4D22-B373-52C4DD1151CE}.Release|x86.ActiveCfg = Release|Win32
		{618695FC-1F58-4D22-B373-52C4DD1151CE}.Release|x86.Build.0 = Release|Win32
		{6C122172-F171-44A7-B0F1-31E87B728A80}.Debug|x64.ActiveCfg = Debug|x64
		{6C122172-F171-44A7-B0F1-31E87B728A80}.Debug|x64.Build.0 = Debug|x64
		{6C122172-F171-44A7-B0F1-31E87B728A80}.Debug|x86.ActiveCfg = Debug|Win32
		{6C122172-F171-44A7-B0F1-31E87B728A80}.Debug|x86.Build.0 = Debug|Win32
		{6C122172-F171-44A7-B0F1-31E87B728A80}.Release|x64.ActiveCfg = Release|x64
		{6C122172-F171-44A7-B0F1-31E87B728A80}.Release|x64.Build.0 = Release|x64
		{6C122172-F171-44A7-B0F1-31E87B728A80}.Release|x86.ActiveCfg = Release|Win32
		{14E02D27-640C-4F84-9888-E12C0DC8D159}.Debug|x64.ActiveCfg = Debug|x64
		{14E02D27-640C-4F84-9888-E12C0DC8D159}.Debug|x64.Build.0 = Debug|x64
		{14E02D27-640C-4F84-9888-E12C0DC8D159}.Debug|x86.ActiveCfg = Debug|Win32
		{14E02D27-640C-4F84-9888-E12C0DC8D159}.Debug|x86.Build.0 = Debug|Win32
		{14E02D27-640C-4F84-9888-E12C0DC8D159}.Release|x64.ActiveCfg = Release|x64
		{14E02D27-640C-4F84-9888-E12C0DC8D159}.Release|x64.Build.0 = Release|x64
		{14E02D27-640C-4F84-9888-E12C0DC8D159}.Release|x86.ActiveCfg = Release|Win32
		{14E02D27-640C-4F84-9888-E12C0DC8D159}.Release|x86.Build.0 = Release|Win32
	EndGlobalSection
	GlobalSection(SolutionProperties) = preSolution
		HideSolutionNode = FALSE
	EndGlobalSection
	GlobalSection(ExtensibilityGlobals) = postSolution
		SolutionGuid = {75DB90DC-F2D1-4F84-9691-5E5B5F9A2FAF}
	EndGlobalSection
EndGlobal
