
Microsoft Visual Studio Solution File, Format Version 12.00
# Visual Studio 15
VisualStudioVersion = 15.0.27703.2042
MinimumVisualStudioVersion = 10.0.40219.1
Project("{8BC9CEB8-8B4A-11D0-8D11-00A0C91BC942}") = "aggregateditemtobin", "disaggregation\disaggregation.vcxproj", "{36C49870-A205-44E1-8574-5535D8F5D456}"
	ProjectSection(ProjectDependencies) = postProject
		{B5960B46-527B-4833-918B-EC5735C03635} = {B5960B46-527B-4833-918B-EC5735C03635}
	EndProjectSection
EndProject
Project("{8BC9CEB8-8B4A-11D0-8D11-00A0C91BC942}") = "wingetopt", "..\ktools\wingetopt\wingetopt.vcxproj", "{B5960B46-527B-4833-918B-EC5735C03635}"
EndProject
Project("{8BC9CEB8-8B4A-11D0-8D11-00A0C91BC942}") = "disaggregation", "disaggregationsample\disaggregationsample.vcxproj", "{B7B0D6CF-C53A-4714-92A4-B1691BDACA2E}"
EndProject
Project("{8BC9CEB8-8B4A-11D0-8D11-00A0C91BC942}") = "gulcalc", "..\ktools\gulcalc\gulcalc.vcxproj", "{8DF465BF-3FE8-4C61-9A41-E234DBBBD977}"
EndProject
Project("{8BC9CEB8-8B4A-11D0-8D11-00A0C91BC942}") = "areaperildisaggtobin", "areaperildisaggtobin\areaperildisaggtobin.vcxproj", "{3E2B8A2B-7195-4215-A7AE-BF03C1F71CEF}"
EndProject
Project("{8BC9CEB8-8B4A-11D0-8D11-00A0C91BC942}") = "vulnerabilitydisaggtobin", "vulnerabilitydisaggtobin\vulnerabilitydisaggtobin.vcxproj", "{46C17271-2173-43DB-9C05-BAE92CC2ACE3}"
EndProject
Project("{8BC9CEB8-8B4A-11D0-8D11-00A0C91BC942}") = "aggregateditemtocsv", "aggregateditemtocsv\aggregateditemtocsv.vcxproj", "{EDBE54C6-E387-412F-BF65-F588BBDFC918}"
EndProject
Global
	GlobalSection(SolutionConfigurationPlatforms) = preSolution
		Debug|x64 = Debug|x64
		Debug|x86 = Debug|x86
		Release|x64 = Release|x64
		Release|x86 = Release|x86
	EndGlobalSection
	GlobalSection(ProjectConfigurationPlatforms) = postSolution
		{36C49870-A205-44E1-8574-5535D8F5D456}.Debug|x64.ActiveCfg = Debug|x64
		{36C49870-A205-44E1-8574-5535D8F5D456}.Debug|x64.Build.0 = Debug|x64
		{36C49870-A205-44E1-8574-5535D8F5D456}.Debug|x86.ActiveCfg = Release|Win32
		{36C49870-A205-44E1-8574-5535D8F5D456}.Debug|x86.Build.0 = Release|Win32
		{36C49870-A205-44E1-8574-5535D8F5D456}.Release|x64.ActiveCfg = Release|x64
		{36C49870-A205-44E1-8574-5535D8F5D456}.Release|x64.Build.0 = Release|x64
		{36C49870-A205-44E1-8574-5535D8F5D456}.Release|x86.ActiveCfg = Release|Win32
		{36C49870-A205-44E1-8574-5535D8F5D456}.Release|x86.Build.0 = Release|Win32
		{B5960B46-527B-4833-918B-EC5735C03635}.Debug|x64.ActiveCfg = Debug|x64
		{B5960B46-527B-4833-918B-EC5735C03635}.Debug|x64.Build.0 = Debug|x64
		{B5960B46-527B-4833-918B-EC5735C03635}.Debug|x86.ActiveCfg = Debug|Win32
		{B5960B46-527B-4833-918B-EC5735C03635}.Debug|x86.Build.0 = Debug|Win32
		{B5960B46-527B-4833-918B-EC5735C03635}.Release|x64.ActiveCfg = Release|x64
		{B5960B46-527B-4833-918B-EC5735C03635}.Release|x64.Build.0 = Release|x64
		{B5960B46-527B-4833-918B-EC5735C03635}.Release|x86.ActiveCfg = Release|Win32
		{B5960B46-527B-4833-918B-EC5735C03635}.Release|x86.Build.0 = Release|Win32
		{B7B0D6CF-C53A-4714-92A4-B1691BDACA2E}.Debug|x64.ActiveCfg = Debug|x64
		{B7B0D6CF-C53A-4714-92A4-B1691BDACA2E}.Debug|x64.Build.0 = Debug|x64
		{B7B0D6CF-C53A-4714-92A4-B1691BDACA2E}.Debug|x86.ActiveCfg = Debug|Win32
		{B7B0D6CF-C53A-4714-92A4-B1691BDACA2E}.Debug|x86.Build.0 = Debug|Win32
		{B7B0D6CF-C53A-4714-92A4-B1691BDACA2E}.Release|x64.ActiveCfg = Release|x64
		{B7B0D6CF-C53A-4714-92A4-B1691BDACA2E}.Release|x64.Build.0 = Release|x64
		{B7B0D6CF-C53A-4714-92A4-B1691BDACA2E}.Release|x86.ActiveCfg = Release|Win32
		{B7B0D6CF-C53A-4714-92A4-B1691BDACA2E}.Release|x86.Build.0 = Release|Win32
		{8DF465BF-3FE8-4C61-9A41-E234DBBBD977}.Debug|x64.ActiveCfg = Debug|x64
		{8DF465BF-3FE8-4C61-9A41-E234DBBBD977}.Debug|x64.Build.0 = Debug|x64
		{8DF465BF-3FE8-4C61-9A41-E234DBBBD977}.Debug|x86.ActiveCfg = Debug|Win32
		{8DF465BF-3FE8-4C61-9A41-E234DBBBD977}.Debug|x86.Build.0 = Debug|Win32
		{8DF465BF-3FE8-4C61-9A41-E234DBBBD977}.Release|x64.ActiveCfg = Release|x64
		{8DF465BF-3FE8-4C61-9A41-E234DBBBD977}.Release|x64.Build.0 = Release|x64
		{8DF465BF-3FE8-4C61-9A41-E234DBBBD977}.Release|x86.ActiveCfg = Release|Win32
		{8DF465BF-3FE8-4C61-9A41-E234DBBBD977}.Release|x86.Build.0 = Release|Win32
		{3E2B8A2B-7195-4215-A7AE-BF03C1F71CEF}.Debug|x64.ActiveCfg = Debug|x64
		{3E2B8A2B-7195-4215-A7AE-BF03C1F71CEF}.Debug|x64.Build.0 = Debug|x64
		{3E2B8A2B-7195-4215-A7AE-BF03C1F71CEF}.Debug|x86.ActiveCfg = Debug|Win32
		{3E2B8A2B-7195-4215-A7AE-BF03C1F71CEF}.Debug|x86.Build.0 = Debug|Win32
		{3E2B8A2B-7195-4215-A7AE-BF03C1F71CEF}.Release|x64.ActiveCfg = Release|x64
		{3E2B8A2B-7195-4215-A7AE-BF03C1F71CEF}.Release|x64.Build.0 = Release|x64
		{3E2B8A2B-7195-4215-A7AE-BF03C1F71CEF}.Release|x86.ActiveCfg = Release|Win32
		{3E2B8A2B-7195-4215-A7AE-BF03C1F71CEF}.Release|x86.Build.0 = Release|Win32
		{46C17271-2173-43DB-9C05-BAE92CC2ACE3}.Debug|x64.ActiveCfg = Debug|x64
		{46C17271-2173-43DB-9C05-BAE92CC2ACE3}.Debug|x64.Build.0 = Debug|x64
		{46C17271-2173-43DB-9C05-BAE92CC2ACE3}.Debug|x86.ActiveCfg = Debug|Win32
		{46C17271-2173-43DB-9C05-BAE92CC2ACE3}.Debug|x86.Build.0 = Debug|Win32
		{46C17271-2173-43DB-9C05-BAE92CC2ACE3}.Release|x64.ActiveCfg = Release|x64
		{46C17271-2173-43DB-9C05-BAE92CC2ACE3}.Release|x64.Build.0 = Release|x64
		{46C17271-2173-43DB-9C05-BAE92CC2ACE3}.Release|x86.ActiveCfg = Release|Win32
		{46C17271-2173-43DB-9C05-BAE92CC2ACE3}.Release|x86.Build.0 = Release|Win32
		{EDBE54C6-E387-412F-BF65-F588BBDFC918}.Debug|x64.ActiveCfg = Debug|x64
		{EDBE54C6-E387-412F-BF65-F588BBDFC918}.Debug|x64.Build.0 = Debug|x64
		{EDBE54C6-E387-412F-BF65-F588BBDFC918}.Debug|x86.ActiveCfg = Debug|Win32
		{EDBE54C6-E387-412F-BF65-F588BBDFC918}.Debug|x86.Build.0 = Debug|Win32
		{EDBE54C6-E387-412F-BF65-F588BBDFC918}.Release|x64.ActiveCfg = Release|x64
		{EDBE54C6-E387-412F-BF65-F588BBDFC918}.Release|x64.Build.0 = Release|x64
		{EDBE54C6-E387-412F-BF65-F588BBDFC918}.Release|x86.ActiveCfg = Release|Win32
		{EDBE54C6-E387-412F-BF65-F588BBDFC918}.Release|x86.Build.0 = Release|Win32
	EndGlobalSection
	GlobalSection(SolutionProperties) = preSolution
		HideSolutionNode = FALSE
	EndGlobalSection
	GlobalSection(ExtensibilityGlobals) = postSolution
		SolutionGuid = {75DB90DC-F2D1-4F84-9691-5E5B5F9A2FAF}
	EndGlobalSection
EndGlobal
