
Microsoft Visual Studio Solution File, Format Version 12.00
# Visual Studio 14
VisualStudioVersion = 14.0.25123.0
MinimumVisualStudioVersion = 10.0.40219.1
Project("{8BC9CEB8-8B4A-11D0-8D11-00A0C91BC942}") = "fmcalc", "fmcalc\fmcalc.vcxproj", "{EF5DA772-DAE8-479F-861D-B73EF0988278}"
EndProject
Project("{8BC9CEB8-8B4A-11D0-8D11-00A0C91BC942}") = "gulcalc", "gulcalc\gulcalc.vcxproj", "{8DF465BF-3FE8-4C61-9A41-E234DBBBD977}"
EndProject
Project("{8BC9CEB8-8B4A-11D0-8D11-00A0C91BC942}") = "summarycalc", "summarycalc\summarycalc.vcxproj", "{C2B72667-D964-4700-8F42-15E7F32A8896}"
EndProject
Project("{8BC9CEB8-8B4A-11D0-8D11-00A0C91BC942}") = "gultobin", "gultobin\gultobin.vcxproj", "{DEACA016-55D9-47D0-975D-F71D16C76E14}"
EndProject
Project("{8BC9CEB8-8B4A-11D0-8D11-00A0C91BC942}") = "summarycalctocsv", "summarycalctocsv\summarycalctocsv.vcxproj", "{7A767569-486B-4D4C-A055-A0D10BE92D86}"
EndProject
Project("{8BC9CEB8-8B4A-11D0-8D11-00A0C91BC942}") = "eltcalc", "eltcalc\eltcalc.vcxproj", "{DD78B122-78FE-46E9-8F06-1C7C94E24D29}"
EndProject
Project("{8BC9CEB8-8B4A-11D0-8D11-00A0C91BC942}") = "gultocsv", "gultocsv\gultocsv.vcxproj", "{04666599-81FD-4BB4-A0F1-E26A90F70DAC}"
	ProjectSection(ProjectDependencies) = postProject
		{B5960B46-527B-4833-918B-EC5735C03635} = {B5960B46-527B-4833-918B-EC5735C03635}
	EndProjectSection
EndProject
Project("{8BC9CEB8-8B4A-11D0-8D11-00A0C91BC942}") = "wingetopt", "wingetopt\wingetopt.vcxproj", "{B5960B46-527B-4833-918B-EC5735C03635}"
EndProject
Project("{8BC9CEB8-8B4A-11D0-8D11-00A0C91BC942}") = "leccalc", "leccalc\leccalc.vcxproj", "{0941449F-9C96-486B-8D5A-8A6361190A0B}"
EndProject
Project("{8BC9CEB8-8B4A-11D0-8D11-00A0C91BC942}") = "occurrencetobin", "occurrencetobin\occurrencetobin.vcxproj", "{8C283B8B-BC52-4F86-83CE-CC7BD079797E}"
EndProject
Project("{8BC9CEB8-8B4A-11D0-8D11-00A0C91BC942}") = "fmsummaryxreftobin", "fmsummaryxreftobin\fmsummaryxreftobin.vcxproj", "{8436CA26-A479-4C3B-9E08-06048E82BCB4}"
EndProject
Project("{8BC9CEB8-8B4A-11D0-8D11-00A0C91BC942}") = "fmprofiletobin", "fmprofiletobin\fmprofiletobin.vcxproj", "{6EF3B2D8-723B-45C5-964D-AA2AA642D948}"
EndProject
Project("{8BC9CEB8-8B4A-11D0-8D11-00A0C91BC942}") = "fmprofiletocsv", "fmprofiletocsv\fmprofiletocsv.vcxproj", "{89457FD5-2783-4C9C-8A2C-1BD0E3D29040}"
EndProject
Project("{8BC9CEB8-8B4A-11D0-8D11-00A0C91BC942}") = "fmprogrammetobin", "fmprogrammetobin\fmprogrammetobin.vcxproj", "{BE596102-6766-4E4B-82DC-D2A5B2920888}"
EndProject
Project("{8BC9CEB8-8B4A-11D0-8D11-00A0C91BC942}") = "fmprogrammetocsv", "fmprogrammetocsv\fmprogrammetocsv.vcxproj", "{00352E8E-ED9A-4D60-91DB-8375B15C6B20}"
EndProject
Project("{8BC9CEB8-8B4A-11D0-8D11-00A0C91BC942}") = "fmtocsv", "fmtocsv\fmtocsv.vcxproj", "{F9FC8FA8-3B44-41A4-8CA2-E27080DE2754}"
EndProject
Project("{8BC9CEB8-8B4A-11D0-8D11-00A0C91BC942}") = "fmxreftobin", "fmxreftobin\fmxreftobin.vcxproj", "{3545D7B8-4819-4E08-92F3-B88E4C28771E}"
EndProject
Project("{8BC9CEB8-8B4A-11D0-8D11-00A0C91BC942}") = "fmxreftocsv", "fmxreftocsv\fmxreftocsv.vcxproj", "{393D0396-068F-4267-B9FB-B5B719692386}"
EndProject
Project("{8BC9CEB8-8B4A-11D0-8D11-00A0C91BC942}") = "itemtobin", "itemtobin\itemtobin.vcxproj", "{FA348C6F-CB54-4E54-8716-3C4BA4C57813}"
EndProject
Project("{8BC9CEB8-8B4A-11D0-8D11-00A0C91BC942}") = "itemtocsv", "itemtocsv\itemtocsv.vcxproj", "{996A8E85-1FF8-469C-ACB7-3DED11CD216E}"
EndProject
Project("{8BC9CEB8-8B4A-11D0-8D11-00A0C91BC942}") = "coveragetobin", "coveragetobin\coveragetobin.vcxproj", "{6D78C50B-B8AA-4B70-A27F-95167E93CEFA}"
EndProject
Project("{8BC9CEB8-8B4A-11D0-8D11-00A0C91BC942}") = "coveragetocsv", "coveragetocsv\coveragetocsv.vcxproj", "{0F90EA1E-897C-40E0-855D-1F3162B8CF5A}"
EndProject
Project("{8BC9CEB8-8B4A-11D0-8D11-00A0C91BC942}") = "randtobin", "randtobin\randtobin.vcxproj", "{1CFACE93-BB89-4362-99A6-E806BAE6E5B9}"
EndProject
Project("{8BC9CEB8-8B4A-11D0-8D11-00A0C91BC942}") = "randtocsv", "randtocsv\randtocsv.vcxproj", "{36AAEDD1-4B2D-4A9A-BE54-2C31873099E1}"
EndProject
Project("{8BC9CEB8-8B4A-11D0-8D11-00A0C91BC942}") = "eve", "eve\eve.vcxproj", "{E825399D-E468-4F7C-979D-D7F5A322CDE4}"
EndProject
Project("{8BC9CEB8-8B4A-11D0-8D11-00A0C91BC942}") = "getmodel", "getmodel\getmodel.vcxproj", "{30BACC09-FDA3-48E6-9629-1FE39C10A708}"
EndProject
Project("{8BC9CEB8-8B4A-11D0-8D11-00A0C91BC942}") = "gulsummaryxreftobin", "gulsummaryxreftobin\gulsummaryxreftobin.vcxproj", "{0CD7A7CD-7862-4EE1-95DC-9524C427EEE1}"
EndProject
Project("{8BC9CEB8-8B4A-11D0-8D11-00A0C91BC942}") = "gulsummaryxreftocsv", "gulsummaryxreftocsv\gulsummaryxreftocsv.vcxproj", "{C7837B52-B85B-4913-89C5-B718D04D514C}"
EndProject
Project("{8BC9CEB8-8B4A-11D0-8D11-00A0C91BC942}") = "fmsummaryxreftocsv", "fmsummaryxreftocsv\fmsummaryxreftocsv.vcxproj", "{F0B60779-1238-4165-A9E5-50F48DBFAC0D}"
EndProject
Project("{8BC9CEB8-8B4A-11D0-8D11-00A0C91BC942}") = "occurrencetocsv", "occurrencetocsv\occurrencetocsv.vcxproj", "{BE0F1CC3-0D67-4F02-81DD-50A33C493B3D}"
EndProject
Project("{8BC9CEB8-8B4A-11D0-8D11-00A0C91BC942}") = "pltcalc", "pltcalc\pltcalc.vcxproj", "{6B8452F1-3F6D-4B58-A464-B4EE4819BA88}"
EndProject
Project("{8BC9CEB8-8B4A-11D0-8D11-00A0C91BC942}") = "aalcalc", "aalcalc\aalcalc.vcxproj", "{72AD63C6-8844-4DBF-875B-72F3168B894C}"
EndProject
Project("{8BC9CEB8-8B4A-11D0-8D11-00A0C91BC942}") = "aalsummary", "aalsummary\aalsummary.vcxproj", "{604B5F75-44DD-41BC-9DFF-0D5844AD2727}"
EndProject
Project("{8BC9CEB8-8B4A-11D0-8D11-00A0C91BC942}") = "aalcalctocsv", "aalcalctocsv\aalcalctocsv.vcxproj", "{5C02F1B5-AB9D-42DE-8868-5A9E2C1F38A8}"
EndProject
Project("{8BC9CEB8-8B4A-11D0-8D11-00A0C91BC942}") = "vulnerabilitytobin", "vulnerabilitytobin\vulnerabilitytobin.vcxproj", "{1730B808-F39B-4ECB-9B1A-8A9568FEAF45}"
EndProject
Project("{8BC9CEB8-8B4A-11D0-8D11-00A0C91BC942}") = "vulnerabilitytocsv", "vulnerabilitytocsv\vulnerabilitytocsv.vcxproj", "{8960F2B6-E0EF-4AB6-8B3F-27A76B4D3B98}"
EndProject
Project("{8BC9CEB8-8B4A-11D0-8D11-00A0C91BC942}") = "footprinttobin", "footprinttobin\footprinttobin.vcxproj", "{938B82D6-27EC-4959-8CA9-E3A6A6366E9A}"
EndProject
Project("{8BC9CEB8-8B4A-11D0-8D11-00A0C91BC942}") = "footprinttocsv", "footprinttocsv\footprinttocsv.vcxproj", "{8573C340-A8E3-4915-B011-6F7A5CBAC941}"
EndProject
Project("{8BC9CEB8-8B4A-11D0-8D11-00A0C91BC942}") = "kat", "kat\kat.vcxproj", "{9CC1F916-321D-4744-B256-34EC558C56CC}"
EndProject
Global
	GlobalSection(SolutionConfigurationPlatforms) = preSolution
		Debug|Any CPU = Debug|Any CPU
		Debug|x64 = Debug|x64
		Debug|x86 = Debug|x86
		Release|Any CPU = Release|Any CPU
		Release|x64 = Release|x64
		Release|x86 = Release|x86
	EndGlobalSection
	GlobalSection(ProjectConfigurationPlatforms) = postSolution
		{EF5DA772-DAE8-479F-861D-B73EF0988278}.Debug|Any CPU.ActiveCfg = Debug|Win32
		{EF5DA772-DAE8-479F-861D-B73EF0988278}.Debug|x64.ActiveCfg = Debug|x64
		{EF5DA772-DAE8-479F-861D-B73EF0988278}.Debug|x64.Build.0 = Debug|x64
		{EF5DA772-DAE8-479F-861D-B73EF0988278}.Debug|x86.ActiveCfg = Debug|Win32
		{EF5DA772-DAE8-479F-861D-B73EF0988278}.Debug|x86.Build.0 = Debug|Win32
		{EF5DA772-DAE8-479F-861D-B73EF0988278}.Release|Any CPU.ActiveCfg = Release|Win32
		{EF5DA772-DAE8-479F-861D-B73EF0988278}.Release|x64.ActiveCfg = Release|x64
		{EF5DA772-DAE8-479F-861D-B73EF0988278}.Release|x64.Build.0 = Release|x64
		{EF5DA772-DAE8-479F-861D-B73EF0988278}.Release|x86.ActiveCfg = Release|Win32
		{EF5DA772-DAE8-479F-861D-B73EF0988278}.Release|x86.Build.0 = Release|Win32
		{8DF465BF-3FE8-4C61-9A41-E234DBBBD977}.Debug|Any CPU.ActiveCfg = Debug|Win32
		{8DF465BF-3FE8-4C61-9A41-E234DBBBD977}.Debug|x64.ActiveCfg = Debug|x64
		{8DF465BF-3FE8-4C61-9A41-E234DBBBD977}.Debug|x64.Build.0 = Debug|x64
		{8DF465BF-3FE8-4C61-9A41-E234DBBBD977}.Debug|x86.ActiveCfg = Debug|Win32
		{8DF465BF-3FE8-4C61-9A41-E234DBBBD977}.Debug|x86.Build.0 = Debug|Win32
		{8DF465BF-3FE8-4C61-9A41-E234DBBBD977}.Release|Any CPU.ActiveCfg = Release|Win32
		{8DF465BF-3FE8-4C61-9A41-E234DBBBD977}.Release|x64.ActiveCfg = Release|x64
		{8DF465BF-3FE8-4C61-9A41-E234DBBBD977}.Release|x64.Build.0 = Release|x64
		{8DF465BF-3FE8-4C61-9A41-E234DBBBD977}.Release|x86.ActiveCfg = Release|Win32
		{8DF465BF-3FE8-4C61-9A41-E234DBBBD977}.Release|x86.Build.0 = Release|Win32
		{C2B72667-D964-4700-8F42-15E7F32A8896}.Debug|Any CPU.ActiveCfg = Debug|Win32
		{C2B72667-D964-4700-8F42-15E7F32A8896}.Debug|x64.ActiveCfg = Debug|x64
		{C2B72667-D964-4700-8F42-15E7F32A8896}.Debug|x64.Build.0 = Debug|x64
		{C2B72667-D964-4700-8F42-15E7F32A8896}.Debug|x86.ActiveCfg = Debug|Win32
		{C2B72667-D964-4700-8F42-15E7F32A8896}.Debug|x86.Build.0 = Debug|Win32
		{C2B72667-D964-4700-8F42-15E7F32A8896}.Release|Any CPU.ActiveCfg = Release|Win32
		{C2B72667-D964-4700-8F42-15E7F32A8896}.Release|x64.ActiveCfg = Release|x64
		{C2B72667-D964-4700-8F42-15E7F32A8896}.Release|x64.Build.0 = Release|x64
		{C2B72667-D964-4700-8F42-15E7F32A8896}.Release|x86.ActiveCfg = Release|Win32
		{C2B72667-D964-4700-8F42-15E7F32A8896}.Release|x86.Build.0 = Release|Win32
		{DEACA016-55D9-47D0-975D-F71D16C76E14}.Debug|Any CPU.ActiveCfg = Debug|Win32
		{DEACA016-55D9-47D0-975D-F71D16C76E14}.Debug|x64.ActiveCfg = Debug|x64
		{DEACA016-55D9-47D0-975D-F71D16C76E14}.Debug|x64.Build.0 = Debug|x64
		{DEACA016-55D9-47D0-975D-F71D16C76E14}.Debug|x86.ActiveCfg = Debug|Win32
		{DEACA016-55D9-47D0-975D-F71D16C76E14}.Debug|x86.Build.0 = Debug|Win32
		{DEACA016-55D9-47D0-975D-F71D16C76E14}.Release|Any CPU.ActiveCfg = Release|Win32
		{DEACA016-55D9-47D0-975D-F71D16C76E14}.Release|x64.ActiveCfg = Release|x64
		{DEACA016-55D9-47D0-975D-F71D16C76E14}.Release|x64.Build.0 = Release|x64
		{DEACA016-55D9-47D0-975D-F71D16C76E14}.Release|x86.ActiveCfg = Release|Win32
		{DEACA016-55D9-47D0-975D-F71D16C76E14}.Release|x86.Build.0 = Release|Win32
		{7A767569-486B-4D4C-A055-A0D10BE92D86}.Debug|Any CPU.ActiveCfg = Debug|Win32
		{7A767569-486B-4D4C-A055-A0D10BE92D86}.Debug|x64.ActiveCfg = Debug|x64
		{7A767569-486B-4D4C-A055-A0D10BE92D86}.Debug|x64.Build.0 = Debug|x64
		{7A767569-486B-4D4C-A055-A0D10BE92D86}.Debug|x86.ActiveCfg = Debug|Win32
		{7A767569-486B-4D4C-A055-A0D10BE92D86}.Debug|x86.Build.0 = Debug|Win32
		{7A767569-486B-4D4C-A055-A0D10BE92D86}.Release|Any CPU.ActiveCfg = Release|Win32
		{7A767569-486B-4D4C-A055-A0D10BE92D86}.Release|x64.ActiveCfg = Release|x64
		{7A767569-486B-4D4C-A055-A0D10BE92D86}.Release|x64.Build.0 = Release|x64
		{7A767569-486B-4D4C-A055-A0D10BE92D86}.Release|x86.ActiveCfg = Release|Win32
		{7A767569-486B-4D4C-A055-A0D10BE92D86}.Release|x86.Build.0 = Release|Win32
		{DD78B122-78FE-46E9-8F06-1C7C94E24D29}.Debug|Any CPU.ActiveCfg = Debug|Win32
		{DD78B122-78FE-46E9-8F06-1C7C94E24D29}.Debug|x64.ActiveCfg = Debug|x64
		{DD78B122-78FE-46E9-8F06-1C7C94E24D29}.Debug|x64.Build.0 = Debug|x64
		{DD78B122-78FE-46E9-8F06-1C7C94E24D29}.Debug|x86.ActiveCfg = Debug|Win32
		{DD78B122-78FE-46E9-8F06-1C7C94E24D29}.Debug|x86.Build.0 = Debug|Win32
		{DD78B122-78FE-46E9-8F06-1C7C94E24D29}.Release|Any CPU.ActiveCfg = Release|Win32
		{DD78B122-78FE-46E9-8F06-1C7C94E24D29}.Release|x64.ActiveCfg = Release|x64
		{DD78B122-78FE-46E9-8F06-1C7C94E24D29}.Release|x64.Build.0 = Release|x64
		{DD78B122-78FE-46E9-8F06-1C7C94E24D29}.Release|x86.ActiveCfg = Release|Win32
		{DD78B122-78FE-46E9-8F06-1C7C94E24D29}.Release|x86.Build.0 = Release|Win32
		{04666599-81FD-4BB4-A0F1-E26A90F70DAC}.Debug|Any CPU.ActiveCfg = Debug|Win32
		{04666599-81FD-4BB4-A0F1-E26A90F70DAC}.Debug|x64.ActiveCfg = Debug|x64
		{04666599-81FD-4BB4-A0F1-E26A90F70DAC}.Debug|x64.Build.0 = Debug|x64
		{04666599-81FD-4BB4-A0F1-E26A90F70DAC}.Debug|x86.ActiveCfg = Debug|Win32
		{04666599-81FD-4BB4-A0F1-E26A90F70DAC}.Debug|x86.Build.0 = Debug|Win32
		{04666599-81FD-4BB4-A0F1-E26A90F70DAC}.Release|Any CPU.ActiveCfg = Release|Win32
		{04666599-81FD-4BB4-A0F1-E26A90F70DAC}.Release|x64.ActiveCfg = Release|x64
		{04666599-81FD-4BB4-A0F1-E26A90F70DAC}.Release|x64.Build.0 = Release|x64
		{04666599-81FD-4BB4-A0F1-E26A90F70DAC}.Release|x86.ActiveCfg = Release|Win32
		{04666599-81FD-4BB4-A0F1-E26A90F70DAC}.Release|x86.Build.0 = Release|Win32
		{B5960B46-527B-4833-918B-EC5735C03635}.Debug|Any CPU.ActiveCfg = Debug|Win32
		{B5960B46-527B-4833-918B-EC5735C03635}.Debug|x64.ActiveCfg = Debug|x64
		{B5960B46-527B-4833-918B-EC5735C03635}.Debug|x64.Build.0 = Debug|x64
		{B5960B46-527B-4833-918B-EC5735C03635}.Debug|x86.ActiveCfg = Debug|Win32
		{B5960B46-527B-4833-918B-EC5735C03635}.Debug|x86.Build.0 = Debug|Win32
		{B5960B46-527B-4833-918B-EC5735C03635}.Release|Any CPU.ActiveCfg = Release|Win32
		{B5960B46-527B-4833-918B-EC5735C03635}.Release|x64.ActiveCfg = Release|x64
		{B5960B46-527B-4833-918B-EC5735C03635}.Release|x64.Build.0 = Release|x64
		{B5960B46-527B-4833-918B-EC5735C03635}.Release|x86.ActiveCfg = Release|Win32
		{B5960B46-527B-4833-918B-EC5735C03635}.Release|x86.Build.0 = Release|Win32
		{0941449F-9C96-486B-8D5A-8A6361190A0B}.Debug|Any CPU.ActiveCfg = Debug|Win32
		{0941449F-9C96-486B-8D5A-8A6361190A0B}.Debug|x64.ActiveCfg = Debug|x64
		{0941449F-9C96-486B-8D5A-8A6361190A0B}.Debug|x64.Build.0 = Debug|x64
		{0941449F-9C96-486B-8D5A-8A6361190A0B}.Debug|x86.ActiveCfg = Debug|Win32
		{0941449F-9C96-486B-8D5A-8A6361190A0B}.Debug|x86.Build.0 = Debug|Win32
		{0941449F-9C96-486B-8D5A-8A6361190A0B}.Release|Any CPU.ActiveCfg = Release|Win32
		{0941449F-9C96-486B-8D5A-8A6361190A0B}.Release|x64.ActiveCfg = Release|x64
		{0941449F-9C96-486B-8D5A-8A6361190A0B}.Release|x64.Build.0 = Release|x64
		{0941449F-9C96-486B-8D5A-8A6361190A0B}.Release|x86.ActiveCfg = Release|Win32
		{0941449F-9C96-486B-8D5A-8A6361190A0B}.Release|x86.Build.0 = Release|Win32
		{8C283B8B-BC52-4F86-83CE-CC7BD079797E}.Debug|Any CPU.ActiveCfg = Debug|Win32
		{8C283B8B-BC52-4F86-83CE-CC7BD079797E}.Debug|x64.ActiveCfg = Debug|x64
		{8C283B8B-BC52-4F86-83CE-CC7BD079797E}.Debug|x64.Build.0 = Debug|x64
		{8C283B8B-BC52-4F86-83CE-CC7BD079797E}.Debug|x86.ActiveCfg = Debug|Win32
		{8C283B8B-BC52-4F86-83CE-CC7BD079797E}.Debug|x86.Build.0 = Debug|Win32
		{8C283B8B-BC52-4F86-83CE-CC7BD079797E}.Release|Any CPU.ActiveCfg = Release|Win32
		{8C283B8B-BC52-4F86-83CE-CC7BD079797E}.Release|x64.ActiveCfg = Release|x64
		{8C283B8B-BC52-4F86-83CE-CC7BD079797E}.Release|x64.Build.0 = Release|x64
		{8C283B8B-BC52-4F86-83CE-CC7BD079797E}.Release|x86.ActiveCfg = Release|Win32
		{8C283B8B-BC52-4F86-83CE-CC7BD079797E}.Release|x86.Build.0 = Release|Win32
		{8436CA26-A479-4C3B-9E08-06048E82BCB4}.Debug|Any CPU.ActiveCfg = Debug|Win32
		{8436CA26-A479-4C3B-9E08-06048E82BCB4}.Debug|x64.ActiveCfg = Debug|x64
		{8436CA26-A479-4C3B-9E08-06048E82BCB4}.Debug|x64.Build.0 = Debug|x64
		{8436CA26-A479-4C3B-9E08-06048E82BCB4}.Debug|x86.ActiveCfg = Debug|Win32
		{8436CA26-A479-4C3B-9E08-06048E82BCB4}.Debug|x86.Build.0 = Debug|Win32
		{8436CA26-A479-4C3B-9E08-06048E82BCB4}.Release|Any CPU.ActiveCfg = Release|Win32
		{8436CA26-A479-4C3B-9E08-06048E82BCB4}.Release|x64.ActiveCfg = Release|x64
		{8436CA26-A479-4C3B-9E08-06048E82BCB4}.Release|x64.Build.0 = Release|x64
		{8436CA26-A479-4C3B-9E08-06048E82BCB4}.Release|x86.ActiveCfg = Release|Win32
		{8436CA26-A479-4C3B-9E08-06048E82BCB4}.Release|x86.Build.0 = Release|Win32
		{6EF3B2D8-723B-45C5-964D-AA2AA642D948}.Debug|Any CPU.ActiveCfg = Debug|Win32
		{6EF3B2D8-723B-45C5-964D-AA2AA642D948}.Debug|x64.ActiveCfg = Debug|x64
		{6EF3B2D8-723B-45C5-964D-AA2AA642D948}.Debug|x64.Build.0 = Debug|x64
		{6EF3B2D8-723B-45C5-964D-AA2AA642D948}.Debug|x86.ActiveCfg = Debug|Win32
		{6EF3B2D8-723B-45C5-964D-AA2AA642D948}.Debug|x86.Build.0 = Debug|Win32
		{6EF3B2D8-723B-45C5-964D-AA2AA642D948}.Release|Any CPU.ActiveCfg = Release|Win32
		{6EF3B2D8-723B-45C5-964D-AA2AA642D948}.Release|x64.ActiveCfg = Release|x64
		{6EF3B2D8-723B-45C5-964D-AA2AA642D948}.Release|x64.Build.0 = Release|x64
		{6EF3B2D8-723B-45C5-964D-AA2AA642D948}.Release|x86.ActiveCfg = Release|Win32
		{6EF3B2D8-723B-45C5-964D-AA2AA642D948}.Release|x86.Build.0 = Release|Win32
		{89457FD5-2783-4C9C-8A2C-1BD0E3D29040}.Debug|Any CPU.ActiveCfg = Debug|Win32
		{89457FD5-2783-4C9C-8A2C-1BD0E3D29040}.Debug|x64.ActiveCfg = Debug|x64
		{89457FD5-2783-4C9C-8A2C-1BD0E3D29040}.Debug|x64.Build.0 = Debug|x64
		{89457FD5-2783-4C9C-8A2C-1BD0E3D29040}.Debug|x86.ActiveCfg = Debug|Win32
		{89457FD5-2783-4C9C-8A2C-1BD0E3D29040}.Debug|x86.Build.0 = Debug|Win32
		{89457FD5-2783-4C9C-8A2C-1BD0E3D29040}.Release|Any CPU.ActiveCfg = Release|Win32
		{89457FD5-2783-4C9C-8A2C-1BD0E3D29040}.Release|x64.ActiveCfg = Release|x64
		{89457FD5-2783-4C9C-8A2C-1BD0E3D29040}.Release|x64.Build.0 = Release|x64
		{89457FD5-2783-4C9C-8A2C-1BD0E3D29040}.Release|x86.ActiveCfg = Release|Win32
		{89457FD5-2783-4C9C-8A2C-1BD0E3D29040}.Release|x86.Build.0 = Release|Win32
		{BE596102-6766-4E4B-82DC-D2A5B2920888}.Debug|Any CPU.ActiveCfg = Debug|Win32
		{BE596102-6766-4E4B-82DC-D2A5B2920888}.Debug|x64.ActiveCfg = Debug|x64
		{BE596102-6766-4E4B-82DC-D2A5B2920888}.Debug|x64.Build.0 = Debug|x64
		{BE596102-6766-4E4B-82DC-D2A5B2920888}.Debug|x86.ActiveCfg = Debug|Win32
		{BE596102-6766-4E4B-82DC-D2A5B2920888}.Debug|x86.Build.0 = Debug|Win32
		{BE596102-6766-4E4B-82DC-D2A5B2920888}.Release|Any CPU.ActiveCfg = Release|Win32
		{BE596102-6766-4E4B-82DC-D2A5B2920888}.Release|x64.ActiveCfg = Release|x64
		{BE596102-6766-4E4B-82DC-D2A5B2920888}.Release|x64.Build.0 = Release|x64
		{BE596102-6766-4E4B-82DC-D2A5B2920888}.Release|x86.ActiveCfg = Release|Win32
		{BE596102-6766-4E4B-82DC-D2A5B2920888}.Release|x86.Build.0 = Release|Win32
		{00352E8E-ED9A-4D60-91DB-8375B15C6B20}.Debug|Any CPU.ActiveCfg = Debug|Win32
		{00352E8E-ED9A-4D60-91DB-8375B15C6B20}.Debug|x64.ActiveCfg = Debug|x64
		{00352E8E-ED9A-4D60-91DB-8375B15C6B20}.Debug|x64.Build.0 = Debug|x64
		{00352E8E-ED9A-4D60-91DB-8375B15C6B20}.Debug|x86.ActiveCfg = Debug|Win32
		{00352E8E-ED9A-4D60-91DB-8375B15C6B20}.Debug|x86.Build.0 = Debug|Win32
		{00352E8E-ED9A-4D60-91DB-8375B15C6B20}.Release|Any CPU.ActiveCfg = Release|Win32
		{00352E8E-ED9A-4D60-91DB-8375B15C6B20}.Release|x64.ActiveCfg = Release|x64
		{00352E8E-ED9A-4D60-91DB-8375B15C6B20}.Release|x64.Build.0 = Release|x64
		{00352E8E-ED9A-4D60-91DB-8375B15C6B20}.Release|x86.ActiveCfg = Release|Win32
		{00352E8E-ED9A-4D60-91DB-8375B15C6B20}.Release|x86.Build.0 = Release|Win32
		{F9FC8FA8-3B44-41A4-8CA2-E27080DE2754}.Debug|Any CPU.ActiveCfg = Debug|Win32
		{F9FC8FA8-3B44-41A4-8CA2-E27080DE2754}.Debug|x64.ActiveCfg = Debug|x64
		{F9FC8FA8-3B44-41A4-8CA2-E27080DE2754}.Debug|x64.Build.0 = Debug|x64
		{F9FC8FA8-3B44-41A4-8CA2-E27080DE2754}.Debug|x86.ActiveCfg = Debug|Win32
		{F9FC8FA8-3B44-41A4-8CA2-E27080DE2754}.Debug|x86.Build.0 = Debug|Win32
		{F9FC8FA8-3B44-41A4-8CA2-E27080DE2754}.Release|Any CPU.ActiveCfg = Release|Win32
		{F9FC8FA8-3B44-41A4-8CA2-E27080DE2754}.Release|x64.ActiveCfg = Release|x64
		{F9FC8FA8-3B44-41A4-8CA2-E27080DE2754}.Release|x64.Build.0 = Release|x64
		{F9FC8FA8-3B44-41A4-8CA2-E27080DE2754}.Release|x86.ActiveCfg = Release|Win32
		{F9FC8FA8-3B44-41A4-8CA2-E27080DE2754}.Release|x86.Build.0 = Release|Win32
		{3545D7B8-4819-4E08-92F3-B88E4C28771E}.Debug|Any CPU.ActiveCfg = Debug|Win32
		{3545D7B8-4819-4E08-92F3-B88E4C28771E}.Debug|x64.ActiveCfg = Debug|x64
		{3545D7B8-4819-4E08-92F3-B88E4C28771E}.Debug|x64.Build.0 = Debug|x64
		{3545D7B8-4819-4E08-92F3-B88E4C28771E}.Debug|x86.ActiveCfg = Debug|Win32
		{3545D7B8-4819-4E08-92F3-B88E4C28771E}.Debug|x86.Build.0 = Debug|Win32
		{3545D7B8-4819-4E08-92F3-B88E4C28771E}.Release|Any CPU.ActiveCfg = Release|Win32
		{3545D7B8-4819-4E08-92F3-B88E4C28771E}.Release|x64.ActiveCfg = Release|x64
		{3545D7B8-4819-4E08-92F3-B88E4C28771E}.Release|x64.Build.0 = Release|x64
		{3545D7B8-4819-4E08-92F3-B88E4C28771E}.Release|x86.ActiveCfg = Release|Win32
		{3545D7B8-4819-4E08-92F3-B88E4C28771E}.Release|x86.Build.0 = Release|Win32
		{393D0396-068F-4267-B9FB-B5B719692386}.Debug|Any CPU.ActiveCfg = Debug|Win32
		{393D0396-068F-4267-B9FB-B5B719692386}.Debug|x64.ActiveCfg = Debug|x64
		{393D0396-068F-4267-B9FB-B5B719692386}.Debug|x64.Build.0 = Debug|x64
		{393D0396-068F-4267-B9FB-B5B719692386}.Debug|x86.ActiveCfg = Debug|Win32
		{393D0396-068F-4267-B9FB-B5B719692386}.Debug|x86.Build.0 = Debug|Win32
		{393D0396-068F-4267-B9FB-B5B719692386}.Release|Any CPU.ActiveCfg = Release|Win32
		{393D0396-068F-4267-B9FB-B5B719692386}.Release|x64.ActiveCfg = Release|x64
		{393D0396-068F-4267-B9FB-B5B719692386}.Release|x64.Build.0 = Release|x64
		{393D0396-068F-4267-B9FB-B5B719692386}.Release|x86.ActiveCfg = Release|Win32
		{393D0396-068F-4267-B9FB-B5B719692386}.Release|x86.Build.0 = Release|Win32
		{FA348C6F-CB54-4E54-8716-3C4BA4C57813}.Debug|Any CPU.ActiveCfg = Debug|Win32
		{FA348C6F-CB54-4E54-8716-3C4BA4C57813}.Debug|x64.ActiveCfg = Debug|x64
		{FA348C6F-CB54-4E54-8716-3C4BA4C57813}.Debug|x64.Build.0 = Debug|x64
		{FA348C6F-CB54-4E54-8716-3C4BA4C57813}.Debug|x86.ActiveCfg = Debug|Win32
		{FA348C6F-CB54-4E54-8716-3C4BA4C57813}.Debug|x86.Build.0 = Debug|Win32
		{FA348C6F-CB54-4E54-8716-3C4BA4C57813}.Release|Any CPU.ActiveCfg = Release|Win32
		{FA348C6F-CB54-4E54-8716-3C4BA4C57813}.Release|x64.ActiveCfg = Release|x64
		{FA348C6F-CB54-4E54-8716-3C4BA4C57813}.Release|x64.Build.0 = Release|x64
		{FA348C6F-CB54-4E54-8716-3C4BA4C57813}.Release|x86.ActiveCfg = Release|Win32
		{FA348C6F-CB54-4E54-8716-3C4BA4C57813}.Release|x86.Build.0 = Release|Win32
		{996A8E85-1FF8-469C-ACB7-3DED11CD216E}.Debug|Any CPU.ActiveCfg = Debug|Win32
		{996A8E85-1FF8-469C-ACB7-3DED11CD216E}.Debug|x64.ActiveCfg = Debug|x64
		{996A8E85-1FF8-469C-ACB7-3DED11CD216E}.Debug|x64.Build.0 = Debug|x64
		{996A8E85-1FF8-469C-ACB7-3DED11CD216E}.Debug|x86.ActiveCfg = Debug|Win32
		{996A8E85-1FF8-469C-ACB7-3DED11CD216E}.Debug|x86.Build.0 = Debug|Win32
		{996A8E85-1FF8-469C-ACB7-3DED11CD216E}.Release|Any CPU.ActiveCfg = Release|Win32
		{996A8E85-1FF8-469C-ACB7-3DED11CD216E}.Release|x64.ActiveCfg = Release|x64
		{996A8E85-1FF8-469C-ACB7-3DED11CD216E}.Release|x64.Build.0 = Release|x64
		{996A8E85-1FF8-469C-ACB7-3DED11CD216E}.Release|x86.ActiveCfg = Release|Win32
		{996A8E85-1FF8-469C-ACB7-3DED11CD216E}.Release|x86.Build.0 = Release|Win32
		{6D78C50B-B8AA-4B70-A27F-95167E93CEFA}.Debug|Any CPU.ActiveCfg = Debug|Win32
		{6D78C50B-B8AA-4B70-A27F-95167E93CEFA}.Debug|x64.ActiveCfg = Debug|x64
		{6D78C50B-B8AA-4B70-A27F-95167E93CEFA}.Debug|x64.Build.0 = Debug|x64
		{6D78C50B-B8AA-4B70-A27F-95167E93CEFA}.Debug|x86.ActiveCfg = Debug|Win32
		{6D78C50B-B8AA-4B70-A27F-95167E93CEFA}.Debug|x86.Build.0 = Debug|Win32
		{6D78C50B-B8AA-4B70-A27F-95167E93CEFA}.Release|Any CPU.ActiveCfg = Release|Win32
		{6D78C50B-B8AA-4B70-A27F-95167E93CEFA}.Release|x64.ActiveCfg = Release|x64
		{6D78C50B-B8AA-4B70-A27F-95167E93CEFA}.Release|x64.Build.0 = Release|x64
		{6D78C50B-B8AA-4B70-A27F-95167E93CEFA}.Release|x86.ActiveCfg = Release|Win32
		{6D78C50B-B8AA-4B70-A27F-95167E93CEFA}.Release|x86.Build.0 = Release|Win32
		{0F90EA1E-897C-40E0-855D-1F3162B8CF5A}.Debug|Any CPU.ActiveCfg = Debug|Win32
		{0F90EA1E-897C-40E0-855D-1F3162B8CF5A}.Debug|x64.ActiveCfg = Debug|x64
		{0F90EA1E-897C-40E0-855D-1F3162B8CF5A}.Debug|x64.Build.0 = Debug|x64
		{0F90EA1E-897C-40E0-855D-1F3162B8CF5A}.Debug|x86.ActiveCfg = Debug|Win32
		{0F90EA1E-897C-40E0-855D-1F3162B8CF5A}.Debug|x86.Build.0 = Debug|Win32
		{0F90EA1E-897C-40E0-855D-1F3162B8CF5A}.Release|Any CPU.ActiveCfg = Release|Win32
		{0F90EA1E-897C-40E0-855D-1F3162B8CF5A}.Release|x64.ActiveCfg = Release|x64
		{0F90EA1E-897C-40E0-855D-1F3162B8CF5A}.Release|x64.Build.0 = Release|x64
		{0F90EA1E-897C-40E0-855D-1F3162B8CF5A}.Release|x86.ActiveCfg = Release|Win32
		{0F90EA1E-897C-40E0-855D-1F3162B8CF5A}.Release|x86.Build.0 = Release|Win32
		{1CFACE93-BB89-4362-99A6-E806BAE6E5B9}.Debug|Any CPU.ActiveCfg = Debug|Win32
		{1CFACE93-BB89-4362-99A6-E806BAE6E5B9}.Debug|x64.ActiveCfg = Debug|x64
		{1CFACE93-BB89-4362-99A6-E806BAE6E5B9}.Debug|x64.Build.0 = Debug|x64
		{1CFACE93-BB89-4362-99A6-E806BAE6E5B9}.Debug|x86.ActiveCfg = Debug|Win32
		{1CFACE93-BB89-4362-99A6-E806BAE6E5B9}.Debug|x86.Build.0 = Debug|Win32
		{1CFACE93-BB89-4362-99A6-E806BAE6E5B9}.Release|Any CPU.ActiveCfg = Release|Win32
		{1CFACE93-BB89-4362-99A6-E806BAE6E5B9}.Release|x64.ActiveCfg = Release|x64
		{1CFACE93-BB89-4362-99A6-E806BAE6E5B9}.Release|x64.Build.0 = Release|x64
		{1CFACE93-BB89-4362-99A6-E806BAE6E5B9}.Release|x86.ActiveCfg = Release|Win32
		{1CFACE93-BB89-4362-99A6-E806BAE6E5B9}.Release|x86.Build.0 = Release|Win32
		{36AAEDD1-4B2D-4A9A-BE54-2C31873099E1}.Debug|Any CPU.ActiveCfg = Debug|Win32
		{36AAEDD1-4B2D-4A9A-BE54-2C31873099E1}.Debug|x64.ActiveCfg = Debug|x64
		{36AAEDD1-4B2D-4A9A-BE54-2C31873099E1}.Debug|x64.Build.0 = Debug|x64
		{36AAEDD1-4B2D-4A9A-BE54-2C31873099E1}.Debug|x86.ActiveCfg = Debug|Win32
		{36AAEDD1-4B2D-4A9A-BE54-2C31873099E1}.Debug|x86.Build.0 = Debug|Win32
		{36AAEDD1-4B2D-4A9A-BE54-2C31873099E1}.Release|Any CPU.ActiveCfg = Release|Win32
		{36AAEDD1-4B2D-4A9A-BE54-2C31873099E1}.Release|x64.ActiveCfg = Release|x64
		{36AAEDD1-4B2D-4A9A-BE54-2C31873099E1}.Release|x64.Build.0 = Release|x64
		{36AAEDD1-4B2D-4A9A-BE54-2C31873099E1}.Release|x86.ActiveCfg = Release|Win32
		{36AAEDD1-4B2D-4A9A-BE54-2C31873099E1}.Release|x86.Build.0 = Release|Win32
		{E825399D-E468-4F7C-979D-D7F5A322CDE4}.Debug|Any CPU.ActiveCfg = Debug|Win32
		{E825399D-E468-4F7C-979D-D7F5A322CDE4}.Debug|x64.ActiveCfg = Debug|x64
		{E825399D-E468-4F7C-979D-D7F5A322CDE4}.Debug|x64.Build.0 = Debug|x64
		{E825399D-E468-4F7C-979D-D7F5A322CDE4}.Debug|x86.ActiveCfg = Debug|Win32
		{E825399D-E468-4F7C-979D-D7F5A322CDE4}.Debug|x86.Build.0 = Debug|Win32
		{E825399D-E468-4F7C-979D-D7F5A322CDE4}.Release|Any CPU.ActiveCfg = Release|Win32
		{E825399D-E468-4F7C-979D-D7F5A322CDE4}.Release|x64.ActiveCfg = Release|x64
		{E825399D-E468-4F7C-979D-D7F5A322CDE4}.Release|x64.Build.0 = Release|x64
		{E825399D-E468-4F7C-979D-D7F5A322CDE4}.Release|x86.ActiveCfg = Release|Win32
		{E825399D-E468-4F7C-979D-D7F5A322CDE4}.Release|x86.Build.0 = Release|Win32
		{30BACC09-FDA3-48E6-9629-1FE39C10A708}.Debug|Any CPU.ActiveCfg = Debug|Win32
		{30BACC09-FDA3-48E6-9629-1FE39C10A708}.Debug|x64.ActiveCfg = Debug|x64
		{30BACC09-FDA3-48E6-9629-1FE39C10A708}.Debug|x64.Build.0 = Debug|x64
		{30BACC09-FDA3-48E6-9629-1FE39C10A708}.Debug|x86.ActiveCfg = Debug|Win32
		{30BACC09-FDA3-48E6-9629-1FE39C10A708}.Debug|x86.Build.0 = Debug|Win32
		{30BACC09-FDA3-48E6-9629-1FE39C10A708}.Release|Any CPU.ActiveCfg = Release|Win32
		{30BACC09-FDA3-48E6-9629-1FE39C10A708}.Release|x64.ActiveCfg = Release|x64
		{30BACC09-FDA3-48E6-9629-1FE39C10A708}.Release|x64.Build.0 = Release|x64
		{30BACC09-FDA3-48E6-9629-1FE39C10A708}.Release|x86.ActiveCfg = Release|Win32
		{30BACC09-FDA3-48E6-9629-1FE39C10A708}.Release|x86.Build.0 = Release|Win32
		{0CD7A7CD-7862-4EE1-95DC-9524C427EEE1}.Debug|Any CPU.ActiveCfg = Debug|Win32
		{0CD7A7CD-7862-4EE1-95DC-9524C427EEE1}.Debug|x64.ActiveCfg = Debug|x64
		{0CD7A7CD-7862-4EE1-95DC-9524C427EEE1}.Debug|x64.Build.0 = Debug|x64
		{0CD7A7CD-7862-4EE1-95DC-9524C427EEE1}.Debug|x86.ActiveCfg = Debug|Win32
		{0CD7A7CD-7862-4EE1-95DC-9524C427EEE1}.Debug|x86.Build.0 = Debug|Win32
		{0CD7A7CD-7862-4EE1-95DC-9524C427EEE1}.Release|Any CPU.ActiveCfg = Release|Win32
		{0CD7A7CD-7862-4EE1-95DC-9524C427EEE1}.Release|x64.ActiveCfg = Release|x64
		{0CD7A7CD-7862-4EE1-95DC-9524C427EEE1}.Release|x64.Build.0 = Release|x64
		{0CD7A7CD-7862-4EE1-95DC-9524C427EEE1}.Release|x86.ActiveCfg = Release|Win32
		{0CD7A7CD-7862-4EE1-95DC-9524C427EEE1}.Release|x86.Build.0 = Release|Win32
		{C7837B52-B85B-4913-89C5-B718D04D514C}.Debug|Any CPU.ActiveCfg = Debug|Win32
		{C7837B52-B85B-4913-89C5-B718D04D514C}.Debug|x64.ActiveCfg = Debug|x64
		{C7837B52-B85B-4913-89C5-B718D04D514C}.Debug|x64.Build.0 = Debug|x64
		{C7837B52-B85B-4913-89C5-B718D04D514C}.Debug|x86.ActiveCfg = Debug|Win32
		{C7837B52-B85B-4913-89C5-B718D04D514C}.Debug|x86.Build.0 = Debug|Win32
		{C7837B52-B85B-4913-89C5-B718D04D514C}.Release|Any CPU.ActiveCfg = Release|Win32
		{C7837B52-B85B-4913-89C5-B718D04D514C}.Release|x64.ActiveCfg = Release|x64
		{C7837B52-B85B-4913-89C5-B718D04D514C}.Release|x64.Build.0 = Release|x64
		{C7837B52-B85B-4913-89C5-B718D04D514C}.Release|x86.ActiveCfg = Release|Win32
		{C7837B52-B85B-4913-89C5-B718D04D514C}.Release|x86.Build.0 = Release|Win32
		{F0B60779-1238-4165-A9E5-50F48DBFAC0D}.Debug|Any CPU.ActiveCfg = Debug|Win32
		{F0B60779-1238-4165-A9E5-50F48DBFAC0D}.Debug|x64.ActiveCfg = Debug|x64
		{F0B60779-1238-4165-A9E5-50F48DBFAC0D}.Debug|x64.Build.0 = Debug|x64
		{F0B60779-1238-4165-A9E5-50F48DBFAC0D}.Debug|x86.ActiveCfg = Debug|Win32
		{F0B60779-1238-4165-A9E5-50F48DBFAC0D}.Debug|x86.Build.0 = Debug|Win32
		{F0B60779-1238-4165-A9E5-50F48DBFAC0D}.Release|Any CPU.ActiveCfg = Release|Win32
		{F0B60779-1238-4165-A9E5-50F48DBFAC0D}.Release|x64.ActiveCfg = Release|x64
		{F0B60779-1238-4165-A9E5-50F48DBFAC0D}.Release|x64.Build.0 = Release|x64
		{F0B60779-1238-4165-A9E5-50F48DBFAC0D}.Release|x86.ActiveCfg = Release|Win32
		{F0B60779-1238-4165-A9E5-50F48DBFAC0D}.Release|x86.Build.0 = Release|Win32
		{BE0F1CC3-0D67-4F02-81DD-50A33C493B3D}.Debug|Any CPU.ActiveCfg = Debug|Win32
		{BE0F1CC3-0D67-4F02-81DD-50A33C493B3D}.Debug|x64.ActiveCfg = Debug|x64
		{BE0F1CC3-0D67-4F02-81DD-50A33C493B3D}.Debug|x64.Build.0 = Debug|x64
		{BE0F1CC3-0D67-4F02-81DD-50A33C493B3D}.Debug|x86.ActiveCfg = Debug|Win32
		{BE0F1CC3-0D67-4F02-81DD-50A33C493B3D}.Debug|x86.Build.0 = Debug|Win32
		{BE0F1CC3-0D67-4F02-81DD-50A33C493B3D}.Release|Any CPU.ActiveCfg = Release|Win32
		{BE0F1CC3-0D67-4F02-81DD-50A33C493B3D}.Release|x64.ActiveCfg = Release|x64
		{BE0F1CC3-0D67-4F02-81DD-50A33C493B3D}.Release|x64.Build.0 = Release|x64
		{BE0F1CC3-0D67-4F02-81DD-50A33C493B3D}.Release|x86.ActiveCfg = Release|Win32
		{BE0F1CC3-0D67-4F02-81DD-50A33C493B3D}.Release|x86.Build.0 = Release|Win32
		{6B8452F1-3F6D-4B58-A464-B4EE4819BA88}.Debug|Any CPU.ActiveCfg = Debug|Win32
		{6B8452F1-3F6D-4B58-A464-B4EE4819BA88}.Debug|x64.ActiveCfg = Debug|x64
		{6B8452F1-3F6D-4B58-A464-B4EE4819BA88}.Debug|x64.Build.0 = Debug|x64
		{6B8452F1-3F6D-4B58-A464-B4EE4819BA88}.Debug|x86.ActiveCfg = Debug|Win32
		{6B8452F1-3F6D-4B58-A464-B4EE4819BA88}.Debug|x86.Build.0 = Debug|Win32
		{6B8452F1-3F6D-4B58-A464-B4EE4819BA88}.Release|Any CPU.ActiveCfg = Release|Win32
		{6B8452F1-3F6D-4B58-A464-B4EE4819BA88}.Release|x64.ActiveCfg = Release|x64
		{6B8452F1-3F6D-4B58-A464-B4EE4819BA88}.Release|x64.Build.0 = Release|x64
		{6B8452F1-3F6D-4B58-A464-B4EE4819BA88}.Release|x86.ActiveCfg = Release|Win32
		{6B8452F1-3F6D-4B58-A464-B4EE4819BA88}.Release|x86.Build.0 = Release|Win32
		{72AD63C6-8844-4DBF-875B-72F3168B894C}.Debug|Any CPU.ActiveCfg = Debug|Win32
		{72AD63C6-8844-4DBF-875B-72F3168B894C}.Debug|x64.ActiveCfg = Debug|x64
		{72AD63C6-8844-4DBF-875B-72F3168B894C}.Debug|x64.Build.0 = Debug|x64
		{72AD63C6-8844-4DBF-875B-72F3168B894C}.Debug|x86.ActiveCfg = Debug|Win32
		{72AD63C6-8844-4DBF-875B-72F3168B894C}.Debug|x86.Build.0 = Debug|Win32
		{72AD63C6-8844-4DBF-875B-72F3168B894C}.Release|Any CPU.ActiveCfg = Release|Win32
		{72AD63C6-8844-4DBF-875B-72F3168B894C}.Release|x64.ActiveCfg = Release|x64
		{72AD63C6-8844-4DBF-875B-72F3168B894C}.Release|x64.Build.0 = Release|x64
		{72AD63C6-8844-4DBF-875B-72F3168B894C}.Release|x86.ActiveCfg = Release|Win32
		{72AD63C6-8844-4DBF-875B-72F3168B894C}.Release|x86.Build.0 = Release|Win32
		{604B5F75-44DD-41BC-9DFF-0D5844AD2727}.Debug|Any CPU.ActiveCfg = Debug|Win32
		{604B5F75-44DD-41BC-9DFF-0D5844AD2727}.Debug|x64.ActiveCfg = Debug|x64
		{604B5F75-44DD-41BC-9DFF-0D5844AD2727}.Debug|x64.Build.0 = Debug|x64
		{604B5F75-44DD-41BC-9DFF-0D5844AD2727}.Debug|x86.ActiveCfg = Debug|Win32
		{604B5F75-44DD-41BC-9DFF-0D5844AD2727}.Debug|x86.Build.0 = Debug|Win32
		{604B5F75-44DD-41BC-9DFF-0D5844AD2727}.Release|Any CPU.ActiveCfg = Release|Win32
		{604B5F75-44DD-41BC-9DFF-0D5844AD2727}.Release|x64.ActiveCfg = Release|x64
		{604B5F75-44DD-41BC-9DFF-0D5844AD2727}.Release|x64.Build.0 = Release|x64
		{604B5F75-44DD-41BC-9DFF-0D5844AD2727}.Release|x86.ActiveCfg = Release|Win32
		{604B5F75-44DD-41BC-9DFF-0D5844AD2727}.Release|x86.Build.0 = Release|Win32
		{5C02F1B5-AB9D-42DE-8868-5A9E2C1F38A8}.Debug|Any CPU.ActiveCfg = Debug|Win32
		{5C02F1B5-AB9D-42DE-8868-5A9E2C1F38A8}.Debug|x64.ActiveCfg = Debug|x64
		{5C02F1B5-AB9D-42DE-8868-5A9E2C1F38A8}.Debug|x64.Build.0 = Debug|x64
		{5C02F1B5-AB9D-42DE-8868-5A9E2C1F38A8}.Debug|x86.ActiveCfg = Debug|Win32
		{5C02F1B5-AB9D-42DE-8868-5A9E2C1F38A8}.Debug|x86.Build.0 = Debug|Win32
		{5C02F1B5-AB9D-42DE-8868-5A9E2C1F38A8}.Release|Any CPU.ActiveCfg = Release|Win32
		{5C02F1B5-AB9D-42DE-8868-5A9E2C1F38A8}.Release|x64.ActiveCfg = Release|x64
		{5C02F1B5-AB9D-42DE-8868-5A9E2C1F38A8}.Release|x64.Build.0 = Release|x64
		{5C02F1B5-AB9D-42DE-8868-5A9E2C1F38A8}.Release|x86.ActiveCfg = Release|Win32
		{5C02F1B5-AB9D-42DE-8868-5A9E2C1F38A8}.Release|x86.Build.0 = Release|Win32
		{1730B808-F39B-4ECB-9B1A-8A9568FEAF45}.Debug|Any CPU.ActiveCfg = Debug|Win32
		{1730B808-F39B-4ECB-9B1A-8A9568FEAF45}.Debug|x64.ActiveCfg = Debug|x64
		{1730B808-F39B-4ECB-9B1A-8A9568FEAF45}.Debug|x64.Build.0 = Debug|x64
		{1730B808-F39B-4ECB-9B1A-8A9568FEAF45}.Debug|x86.ActiveCfg = Debug|Win32
		{1730B808-F39B-4ECB-9B1A-8A9568FEAF45}.Debug|x86.Build.0 = Debug|Win32
		{1730B808-F39B-4ECB-9B1A-8A9568FEAF45}.Release|Any CPU.ActiveCfg = Release|Win32
		{1730B808-F39B-4ECB-9B1A-8A9568FEAF45}.Release|x64.ActiveCfg = Release|x64
		{1730B808-F39B-4ECB-9B1A-8A9568FEAF45}.Release|x64.Build.0 = Release|x64
		{1730B808-F39B-4ECB-9B1A-8A9568FEAF45}.Release|x86.ActiveCfg = Release|Win32
		{1730B808-F39B-4ECB-9B1A-8A9568FEAF45}.Release|x86.Build.0 = Release|Win32
		{8960F2B6-E0EF-4AB6-8B3F-27A76B4D3B98}.Debug|Any CPU.ActiveCfg = Debug|Win32
		{8960F2B6-E0EF-4AB6-8B3F-27A76B4D3B98}.Debug|x64.ActiveCfg = Debug|x64
		{8960F2B6-E0EF-4AB6-8B3F-27A76B4D3B98}.Debug|x64.Build.0 = Debug|x64
		{8960F2B6-E0EF-4AB6-8B3F-27A76B4D3B98}.Debug|x86.ActiveCfg = Debug|Win32
		{8960F2B6-E0EF-4AB6-8B3F-27A76B4D3B98}.Debug|x86.Build.0 = Debug|Win32
		{8960F2B6-E0EF-4AB6-8B3F-27A76B4D3B98}.Release|Any CPU.ActiveCfg = Release|Win32
		{8960F2B6-E0EF-4AB6-8B3F-27A76B4D3B98}.Release|x64.ActiveCfg = Release|x64
		{8960F2B6-E0EF-4AB6-8B3F-27A76B4D3B98}.Release|x64.Build.0 = Release|x64
		{8960F2B6-E0EF-4AB6-8B3F-27A76B4D3B98}.Release|x86.ActiveCfg = Release|Win32
		{8960F2B6-E0EF-4AB6-8B3F-27A76B4D3B98}.Release|x86.Build.0 = Release|Win32
		{938B82D6-27EC-4959-8CA9-E3A6A6366E9A}.Debug|Any CPU.ActiveCfg = Debug|Win32
		{938B82D6-27EC-4959-8CA9-E3A6A6366E9A}.Debug|x64.ActiveCfg = Debug|x64
		{938B82D6-27EC-4959-8CA9-E3A6A6366E9A}.Debug|x64.Build.0 = Debug|x64
		{938B82D6-27EC-4959-8CA9-E3A6A6366E9A}.Debug|x86.ActiveCfg = Debug|Win32
		{938B82D6-27EC-4959-8CA9-E3A6A6366E9A}.Debug|x86.Build.0 = Debug|Win32
		{938B82D6-27EC-4959-8CA9-E3A6A6366E9A}.Release|Any CPU.ActiveCfg = Release|Win32
		{938B82D6-27EC-4959-8CA9-E3A6A6366E9A}.Release|x64.ActiveCfg = Release|x64
		{938B82D6-27EC-4959-8CA9-E3A6A6366E9A}.Release|x64.Build.0 = Release|x64
		{938B82D6-27EC-4959-8CA9-E3A6A6366E9A}.Release|x86.ActiveCfg = Release|Win32
		{938B82D6-27EC-4959-8CA9-E3A6A6366E9A}.Release|x86.Build.0 = Release|Win32
		{8573C340-A8E3-4915-B011-6F7A5CBAC941}.Debug|Any CPU.ActiveCfg = Debug|Win32
		{8573C340-A8E3-4915-B011-6F7A5CBAC941}.Debug|x64.ActiveCfg = Debug|x64
		{8573C340-A8E3-4915-B011-6F7A5CBAC941}.Debug|x64.Build.0 = Debug|x64
		{8573C340-A8E3-4915-B011-6F7A5CBAC941}.Debug|x86.ActiveCfg = Debug|Win32
		{8573C340-A8E3-4915-B011-6F7A5CBAC941}.Debug|x86.Build.0 = Debug|Win32
		{8573C340-A8E3-4915-B011-6F7A5CBAC941}.Release|Any CPU.ActiveCfg = Release|Win32
		{8573C340-A8E3-4915-B011-6F7A5CBAC941}.Release|x64.ActiveCfg = Release|x64
		{8573C340-A8E3-4915-B011-6F7A5CBAC941}.Release|x64.Build.0 = Release|x64
		{8573C340-A8E3-4915-B011-6F7A5CBAC941}.Release|x86.ActiveCfg = Release|Win32
		{8573C340-A8E3-4915-B011-6F7A5CBAC941}.Release|x86.Build.0 = Release|Win32
		{9CC1F916-321D-4744-B256-34EC558C56CC}.Debug|Any CPU.ActiveCfg = Debug|Win32
		{9CC1F916-321D-4744-B256-34EC558C56CC}.Debug|x64.ActiveCfg = Debug|x64
		{9CC1F916-321D-4744-B256-34EC558C56CC}.Debug|x64.Build.0 = Debug|x64
		{9CC1F916-321D-4744-B256-34EC558C56CC}.Debug|x86.ActiveCfg = Debug|Win32
		{9CC1F916-321D-4744-B256-34EC558C56CC}.Debug|x86.Build.0 = Debug|Win32
		{9CC1F916-321D-4744-B256-34EC558C56CC}.Release|Any CPU.ActiveCfg = Release|Win32
		{9CC1F916-321D-4744-B256-34EC558C56CC}.Release|x64.ActiveCfg = Release|x64
		{9CC1F916-321D-4744-B256-34EC558C56CC}.Release|x64.Build.0 = Release|x64
		{9CC1F916-321D-4744-B256-34EC558C56CC}.Release|x86.ActiveCfg = Release|Win32
		{9CC1F916-321D-4744-B256-34EC558C56CC}.Release|x86.Build.0 = Release|Win32
	EndGlobalSection
	GlobalSection(SolutionProperties) = preSolution
		HideSolutionNode = FALSE
	EndGlobalSection
EndGlobal
